
Microsoft Visual Studio Solution File, Format Version 12.00
# Visual Studio 15
VisualStudioVersion = 15.0.27703.2018
MinimumVisualStudioVersion = 10.0.40219.1
Project("{FAE04EC0-301F-11D3-BF4B-00C04F79EFBC}") = "demo.officeDay", "demo.officeDay\demo.officeDay.csproj", "{78915EAD-9F48-4AEA-8A5C-AA745411D1B7}"
EndProject
Project("{FAE04EC0-301F-11D3-BF4B-00C04F79EFBC}") = "demo.officeDayTests", "demo.officeDayTests\demo.officeDayTests.csproj", "{9941C7BB-15CF-494E-9CFC-600F1A5895B3}"
EndProject
Global
	GlobalSection(SolutionConfigurationPlatforms) = preSolution
		Debug|Any CPU = Debug|Any CPU
		Release|Any CPU = Release|Any CPU
	EndGlobalSection
	GlobalSection(ProjectConfigurationPlatforms) = postSolution
		{78915EAD-9F48-4AEA-8A5C-AA745411D1B7}.Debug|Any CPU.ActiveCfg = Debug|Any CPU
		{78915EAD-9F48-4AEA-8A5C-AA745411D1B7}.Debug|Any CPU.Build.0 = Debug|Any CPU
		{78915EAD-9F48-4AEA-8A5C-AA745411D1B7}.Release|Any CPU.ActiveCfg = Release|Any CPU
		{78915EAD-9F48-4AEA-8A5C-AA745411D1B7}.Release|Any CPU.Build.0 = Release|Any CPU
		{9941C7BB-15CF-494E-9CFC-600F1A5895B3}.Debug|Any CPU.ActiveCfg = Debug|Any CPU
		{9941C7BB-15CF-494E-9CFC-600F1A5895B3}.Debug|Any CPU.Build.0 = Debug|Any CPU
		{9941C7BB-15CF-494E-9CFC-600F1A5895B3}.Release|Any CPU.ActiveCfg = Release|Any CPU
		{9941C7BB-15CF-494E-9CFC-600F1A5895B3}.Release|Any CPU.Build.0 = Release|Any CPU
	EndGlobalSection
	GlobalSection(SolutionProperties) = preSolution
		HideSolutionNode = FALSE
	EndGlobalSection
	GlobalSection(ExtensibilityGlobals) = postSolution
		SolutionGuid = {CFE2306D-D847-4303-A027-88912E280836}
	EndGlobalSection
EndGlobal
